
Microsoft Visual Studio Solution File, Format Version 12.00
# Visual Studio Version 17
VisualStudioVersion = 17.0.31912.275
MinimumVisualStudioVersion = 10.0.40219.1
Project("{FAE04EC0-301F-11D3-BF4B-00C04F79EFBC}") = "Baza.Server", "Server\Baza.Server.csproj", "{30B0D055-B5EE-458E-9DAD-EA1999C1983F}"
EndProject
Project("{FAE04EC0-301F-11D3-BF4B-00C04F79EFBC}") = "Baza.Client", "Client\Baza.Client.csproj", "{D62F1B51-5130-4237-BF19-A9FD4EE8DEA8}"
EndProject
Project("{FAE04EC0-301F-11D3-BF4B-00C04F79EFBC}") = "Baza.Shared", "Shared\Baza.Shared.csproj", "{D29B2C21-E116-4F3C-A157-FF133FA9CD26}"
EndProject
Global
	GlobalSection(SolutionConfigurationPlatforms) = preSolution
		Debug|Any CPU = Debug|Any CPU
		Release|Any CPU = Release|Any CPU
	EndGlobalSection
	GlobalSection(ProjectConfigurationPlatforms) = postSolution
		{30B0D055-B5EE-458E-9DAD-EA1999C1983F}.Debug|Any CPU.ActiveCfg = Debug|Any CPU
		{30B0D055-B5EE-458E-9DAD-EA1999C1983F}.Debug|Any CPU.Build.0 = Debug|Any CPU
		{30B0D055-B5EE-458E-9DAD-EA1999C1983F}.Release|Any CPU.ActiveCfg = Release|Any CPU
		{30B0D055-B5EE-458E-9DAD-EA1999C1983F}.Release|Any CPU.Build.0 = Release|Any CPU
		{D62F1B51-5130-4237-BF19-A9FD4EE8DEA8}.Debug|Any CPU.ActiveCfg = Debug|Any CPU
		{D62F1B51-5130-4237-BF19-A9FD4EE8DEA8}.Debug|Any CPU.Build.0 = Debug|Any CPU
		{D62F1B51-5130-4237-BF19-A9FD4EE8DEA8}.Release|Any CPU.ActiveCfg = Release|Any CPU
		{D62F1B51-5130-4237-BF19-A9FD4EE8DEA8}.Release|Any CPU.Build.0 = Release|Any CPU
		{D29B2C21-E116-4F3C-A157-FF133FA9CD26}.Debug|Any CPU.ActiveCfg = Debug|Any CPU
		{D29B2C21-E116-4F3C-A157-FF133FA9CD26}.Debug|Any CPU.Build.0 = Debug|Any CPU
		{D29B2C21-E116-4F3C-A157-FF133FA9CD26}.Release|Any CPU.ActiveCfg = Release|Any CPU
		{D29B2C21-E116-4F3C-A157-FF133FA9CD26}.Release|Any CPU.Build.0 = Release|Any CPU
	EndGlobalSection
	GlobalSection(SolutionProperties) = preSolution
		HideSolutionNode = FALSE
	EndGlobalSection
	GlobalSection(ExtensibilityGlobals) = postSolution
		SolutionGuid = {AD457ED3-A0FF-4D23-B264-E15C93802933}
	EndGlobalSection
EndGlobal
